{
  "name": "test-docs.thoughtspot.com",
  "lockfileVersion": 2,
  "requires": true,
  "packages": {
    "": {
      "devDependencies": {
        "@djencks/asciidoctor-glossary": "^0.0.2",
        "@djencks/asciidoctor-tabset-block": "https://experimental-repo.s3-us-west-1.amazonaws.com/djencks-asciidoctor-tabset-block-v0.0.3.tgz"
      }
    },
    "node_modules/@djencks/asciidoctor-glossary": {
      "version": "0.0.2",
      "resolved": "https://registry.npmjs.org/@djencks/asciidoctor-glossary/-/asciidoctor-glossary-0.0.2.tgz",
      "integrity": "sha512-x8FdITrrzZzxvXQFDVa6LRGIEbWvMd8D+ISrA0KPROsEEdsCb7TxWMJKUtju3T0rtZBO+bKDbN5edlTxgc26sA==",
      "dev": true
    },
    "node_modules/@djencks/asciidoctor-tabset-block": {
      "version": "0.0.3",
      "resolved": "https://experimental-repo.s3-us-west-1.amazonaws.com/djencks-asciidoctor-tabset-block-v0.0.3.tgz",
      "integrity": "sha512-u7miFmQyfiUeaaTVYIEZ14pecAmY7uQHzVzWxz/VrAyDLZrvG1eM6WGvXfRF0Nac3ou2Ll6aGSSvQt2k3XOARQ==",
      "dev": true,
      "license": "MPL-2.0"
    }
  },
  "dependencies": {
    "@djencks/asciidoctor-glossary": {
      "version": "0.0.2",
      "resolved": "https://registry.npmjs.org/@djencks/asciidoctor-glossary/-/asciidoctor-glossary-0.0.2.tgz",
      "integrity": "sha512-x8FdITrrzZzxvXQFDVa6LRGIEbWvMd8D+ISrA0KPROsEEdsCb7TxWMJKUtju3T0rtZBO+bKDbN5edlTxgc26sA==",
      "dev": true
    },
    "@djencks/asciidoctor-tabset-block": {
      "version": "https://experimental-repo.s3-us-west-1.amazonaws.com/djencks-asciidoctor-tabset-block-v0.0.3.tgz",
      "integrity": "sha512-u7miFmQyfiUeaaTVYIEZ14pecAmY7uQHzVzWxz/VrAyDLZrvG1eM6WGvXfRF0Nac3ou2Ll6aGSSvQt2k3XOARQ==",
      "dev": true
    }
  }
}
